
Microsoft Visual Studio Solution File, Format Version 12.00
# Visual Studio Version 17
VisualStudioVersion = 17.11.35327.3
MinimumVisualStudioVersion = 10.0.40219.1
Project("{9A19103F-16F7-4668-BE54-9A1E7A4F7556}") = "FileExplorerLibraryIO", "FileExplorerLibraryIO.csproj", "{61446D6A-7F2D-4F47-8A6A-4D3C7EB164E7}"
EndProject
Project("{9A19103F-16F7-4668-BE54-9A1E7A4F7556}") = "FileExplorerAbstraction", "..\FileExplorerAbstraction\FileExplorerAbstraction.csproj", "{B1A8B65F-BB13-4BF1-92F4-4D6A6E702A22}"
EndProject
Global
	GlobalSection(SolutionConfigurationPlatforms) = preSolution
		Debug|Any CPU = Debug|Any CPU
		Release|Any CPU = Release|Any CPU
	EndGlobalSection
	GlobalSection(ProjectConfigurationPlatforms) = postSolution
		{61446D6A-7F2D-4F47-8A6A-4D3C7EB164E7}.Debug|Any CPU.ActiveCfg = Debug|Any CPU
		{61446D6A-7F2D-4F47-8A6A-4D3C7EB164E7}.Debug|Any CPU.Build.0 = Debug|Any CPU
		{61446D6A-7F2D-4F47-8A6A-4D3C7EB164E7}.Release|Any CPU.ActiveCfg = Release|Any CPU
		{61446D6A-7F2D-4F47-8A6A-4D3C7EB164E7}.Release|Any CPU.Build.0 = Release|Any CPU
		{B1A8B65F-BB13-4BF1-92F4-4D6A6E702A22}.Debug|Any CPU.ActiveCfg = Debug|Any CPU
		{B1A8B65F-BB13-4BF1-92F4-4D6A6E702A22}.Debug|Any CPU.Build.0 = Debug|Any CPU
		{B1A8B65F-BB13-4BF1-92F4-4D6A6E702A22}.Release|Any CPU.ActiveCfg = Release|Any CPU
		{B1A8B65F-BB13-4BF1-92F4-4D6A6E702A22}.Release|Any CPU.Build.0 = Release|Any CPU
	EndGlobalSection
	GlobalSection(SolutionProperties) = preSolution
		HideSolutionNode = FALSE
	EndGlobalSection
	GlobalSection(ExtensibilityGlobals) = postSolution
		SolutionGuid = {AD8E0553-A68B-4846-8A95-316F7CE81F5A}
	EndGlobalSection
EndGlobal
